
Microsoft Visual Studio Solution File, Format Version 12.00
# Visual Studio Version 17
VisualStudioVersion = 17.13.35825.156
MinimumVisualStudioVersion = 10.0.40219.1
Project("{FAE04EC0-301F-11D3-BF4B-00C04F79EFBC}") = "POC-Platform-Engagement-Poller", "POC-Platform-Engagement-Poller\POC-Platform-Engagement-Poller.csproj", "{634377CF-6F33-498E-A16B-66116F9EF86F}"
EndProject
Global
	GlobalSection(SolutionConfigurationPlatforms) = preSolution
		Debug|Any CPU = Debug|Any CPU
		Release|Any CPU = Release|Any CPU
	EndGlobalSection
	GlobalSection(ProjectConfigurationPlatforms) = postSolution
		{634377CF-6F33-498E-A16B-66116F9EF86F}.Debug|Any CPU.ActiveCfg = Debug|Any CPU
		{634377CF-6F33-498E-A16B-66116F9EF86F}.Debug|Any CPU.Build.0 = Debug|Any CPU
		{634377CF-6F33-498E-A16B-66116F9EF86F}.Release|Any CPU.ActiveCfg = Release|Any CPU
		{634377CF-6F33-498E-A16B-66116F9EF86F}.Release|Any CPU.Build.0 = Release|Any CPU
	EndGlobalSection
	GlobalSection(SolutionProperties) = preSolution
		HideSolutionNode = FALSE
	EndGlobalSection
	GlobalSection(ExtensibilityGlobals) = postSolution
		SolutionGuid = {D3428B4F-481C-4604-9689-89ECB1BFAA08}
	EndGlobalSection
EndGlobal
